
Microsoft Visual Studio Solution File, Format Version 12.00
# Visual Studio Version 17
VisualStudioVersion = 17.13.35828.75 d17.13
MinimumVisualStudioVersion = 10.0.40219.1
Project("{FAE04EC0-301F-11D3-BF4B-00C04F79EFBC}") = "Data", "Data\Data.csproj", "{F18A94A5-34B8-4E2A-91B5-84C49768D6E6}"
EndProject
Project("{FAE04EC0-301F-11D3-BF4B-00C04F79EFBC}") = "Business", "Business\Business.csproj", "{ABAF2FA8-A08D-496C-A500-F76FCA96F2F3}"
EndProject
Global
	GlobalSection(SolutionConfigurationPlatforms) = preSolution
		Debug|Any CPU = Debug|Any CPU
		Release|Any CPU = Release|Any CPU
	EndGlobalSection
	GlobalSection(ProjectConfigurationPlatforms) = postSolution
		{F18A94A5-34B8-4E2A-91B5-84C49768D6E6}.Debug|Any CPU.ActiveCfg = Debug|Any CPU
		{F18A94A5-34B8-4E2A-91B5-84C49768D6E6}.Debug|Any CPU.Build.0 = Debug|Any CPU
		{F18A94A5-34B8-4E2A-91B5-84C49768D6E6}.Release|Any CPU.ActiveCfg = Release|Any CPU
		{F18A94A5-34B8-4E2A-91B5-84C49768D6E6}.Release|Any CPU.Build.0 = Release|Any CPU
		{ABAF2FA8-A08D-496C-A500-F76FCA96F2F3}.Debug|Any CPU.ActiveCfg = Debug|Any CPU
		{ABAF2FA8-A08D-496C-A500-F76FCA96F2F3}.Debug|Any CPU.Build.0 = Debug|Any CPU
		{ABAF2FA8-A08D-496C-A500-F76FCA96F2F3}.Release|Any CPU.ActiveCfg = Release|Any CPU
		{ABAF2FA8-A08D-496C-A500-F76FCA96F2F3}.Release|Any CPU.Build.0 = Release|Any CPU
	EndGlobalSection
	GlobalSection(SolutionProperties) = preSolution
		HideSolutionNode = FALSE
	EndGlobalSection
	GlobalSection(ExtensibilityGlobals) = postSolution
		SolutionGuid = {27832057-2A94-4902-8169-D369952305F6}
	EndGlobalSection
EndGlobal
