
Microsoft Visual Studio Solution File, Format Version 12.00
# Visual Studio Version 17
VisualStudioVersion = 17.13.35913.81 d17.13
MinimumVisualStudioVersion = 10.0.40219.1
Project("{FAE04EC0-301F-11D3-BF4B-00C04F79EFBC}") = "WebApi", "WebApi\WebApi.csproj", "{28E88E9F-02F3-45CA-A110-A474E6523A0A}"
EndProject
Project("{FAE04EC0-301F-11D3-BF4B-00C04F79EFBC}") = "Authentication", "Authentication\Authentication.csproj", "{F7AE4EB5-AED0-4E06-9D14-D17017113D90}"
EndProject
Project("{FAE04EC0-301F-11D3-BF4B-00C04F79EFBC}") = "Business", "Business\Business.csproj", "{C94FC614-A137-4752-A18C-6D1FA4AE45AA}"
EndProject
Global
	GlobalSection(SolutionConfigurationPlatforms) = preSolution
		Debug|Any CPU = Debug|Any CPU
		Release|Any CPU = Release|Any CPU
	EndGlobalSection
	GlobalSection(ProjectConfigurationPlatforms) = postSolution
		{28E88E9F-02F3-45CA-A110-A474E6523A0A}.Debug|Any CPU.ActiveCfg = Debug|Any CPU
		{28E88E9F-02F3-45CA-A110-A474E6523A0A}.Debug|Any CPU.Build.0 = Debug|Any CPU
		{28E88E9F-02F3-45CA-A110-A474E6523A0A}.Release|Any CPU.ActiveCfg = Release|Any CPU
		{28E88E9F-02F3-45CA-A110-A474E6523A0A}.Release|Any CPU.Build.0 = Release|Any CPU
		{F7AE4EB5-AED0-4E06-9D14-D17017113D90}.Debug|Any CPU.ActiveCfg = Debug|Any CPU
		{F7AE4EB5-AED0-4E06-9D14-D17017113D90}.Debug|Any CPU.Build.0 = Debug|Any CPU
		{F7AE4EB5-AED0-4E06-9D14-D17017113D90}.Release|Any CPU.ActiveCfg = Release|Any CPU
		{F7AE4EB5-AED0-4E06-9D14-D17017113D90}.Release|Any CPU.Build.0 = Release|Any CPU
		{C94FC614-A137-4752-A18C-6D1FA4AE45AA}.Debug|Any CPU.ActiveCfg = Debug|Any CPU
		{C94FC614-A137-4752-A18C-6D1FA4AE45AA}.Debug|Any CPU.Build.0 = Debug|Any CPU
		{C94FC614-A137-4752-A18C-6D1FA4AE45AA}.Release|Any CPU.ActiveCfg = Release|Any CPU
		{C94FC614-A137-4752-A18C-6D1FA4AE45AA}.Release|Any CPU.Build.0 = Release|Any CPU
	EndGlobalSection
	GlobalSection(SolutionProperties) = preSolution
		HideSolutionNode = FALSE
	EndGlobalSection
	GlobalSection(ExtensibilityGlobals) = postSolution
		SolutionGuid = {8E15C91A-897B-43F4-B140-7232B0F9ED02}
	EndGlobalSection
EndGlobal
